{
  "name": "assets",
  "lockfileVersion": 2,
  "requires": true,
  "packages": {
    "": {
      "dependencies": {
        "chart.js": "^3.6.0",
        "chartkick": "^4.1.1",
        "easytimer": "^1.1.3",
        "easytimer.js": "^4.5.1"
      }
    },
    "node_modules/chart.js": {
      "version": "3.6.0",
      "resolved": "https://registry.npmjs.org/chart.js/-/chart.js-3.6.0.tgz",
      "integrity": "sha512-iOzzDKePL+bj+ccIsVAgWQehCXv8xOKGbaU2fO/myivH736zcx535PGJzQGanvcSGVOqX6yuLZsN3ygcQ35UgQ=="
    },
    "node_modules/chartjs-adapter-date-fns": {
      "version": "2.0.0",
      "resolved": "https://registry.npmjs.org/chartjs-adapter-date-fns/-/chartjs-adapter-date-fns-2.0.0.tgz",
      "integrity": "sha512-rmZINGLe+9IiiEB0kb57vH3UugAtYw33anRiw5kS2Tu87agpetDDoouquycWc9pRsKtQo5j+vLsYHyr8etAvFw==",
      "optional": true,
      "peerDependencies": {
        "chart.js": "^3.0.0"
      }
    },
    "node_modules/chartkick": {
      "version": "4.1.1",
      "resolved": "https://registry.npmjs.org/chartkick/-/chartkick-4.1.1.tgz",
      "integrity": "sha512-+3+dIKZo8MzOiQFc4FZDZiRjDnrgVxgjk3tKXVclMcDF8yIJAEqSr5/l4pqpB2Rxye1s2Dg3j6bVA9eIeDbnCQ==",
      "optionalDependencies": {
        "chart.js": ">=3.0.2",
        "chartjs-adapter-date-fns": ">=2.0.0",
        "date-fns": ">=2.0.0"
      }
    },
    "node_modules/date-fns": {
      "version": "2.26.0",
      "resolved": "https://registry.npmjs.org/date-fns/-/date-fns-2.26.0.tgz",
      "integrity": "sha512-VQI812dRi3cusdY/fhoBKvc6l2W8BPWU1FNVnFH9Nttjx4AFBRzfSVb/Eyc7jBT6e9sg1XtAGsYpBQ6c/jygbg==",
      "optional": true,
      "engines": {
        "node": ">=0.11"
      },
      "funding": {
        "type": "opencollective",
        "url": "https://opencollective.com/date-fns"
      }
    },
    "node_modules/easytimer": {
      "version": "1.1.3",
      "resolved": "https://registry.npmjs.org/easytimer/-/easytimer-1.1.3.tgz",
      "integrity": "sha512-JaIuSpA+dPt/+LS7v6YKF2CYnO0HCYUElZouY+qfGyozg01WRrV9Zni0XMUvcBYLmClQiVRdoduPnzrFBC00iQ==",
      "deprecated": "This package is deprecated. Please use https://www.npmjs.com/package/easytimer.js"
    },
    "node_modules/easytimer.js": {
      "version": "4.5.1",
      "resolved": "https://registry.npmjs.org/easytimer.js/-/easytimer.js-4.5.1.tgz",
      "integrity": "sha512-m+ZVLeBevBhUqw6kghBMnXHSIH+N1VFcwj2cP5zJ+ovbXLR0mWddDj9n1VwmJGpHMbOjLuBfq3j4l/gJ/lvdRQ=="
    }
  },
  "dependencies": {
    "chart.js": {
      "version": "3.6.0",
      "resolved": "https://registry.npmjs.org/chart.js/-/chart.js-3.6.0.tgz",
      "integrity": "sha512-iOzzDKePL+bj+ccIsVAgWQehCXv8xOKGbaU2fO/myivH736zcx535PGJzQGanvcSGVOqX6yuLZsN3ygcQ35UgQ=="
    },
    "chartjs-adapter-date-fns": {
      "version": "2.0.0",
      "resolved": "https://registry.npmjs.org/chartjs-adapter-date-fns/-/chartjs-adapter-date-fns-2.0.0.tgz",
      "integrity": "sha512-rmZINGLe+9IiiEB0kb57vH3UugAtYw33anRiw5kS2Tu87agpetDDoouquycWc9pRsKtQo5j+vLsYHyr8etAvFw==",
      "optional": true,
      "requires": {}
    },
    "chartkick": {
      "version": "4.1.1",
      "resolved": "https://registry.npmjs.org/chartkick/-/chartkick-4.1.1.tgz",
      "integrity": "sha512-+3+dIKZo8MzOiQFc4FZDZiRjDnrgVxgjk3tKXVclMcDF8yIJAEqSr5/l4pqpB2Rxye1s2Dg3j6bVA9eIeDbnCQ==",
      "requires": {
        "chart.js": ">=3.0.2",
        "chartjs-adapter-date-fns": ">=2.0.0",
        "date-fns": ">=2.0.0"
      }
    },
    "date-fns": {
      "version": "2.26.0",
      "resolved": "https://registry.npmjs.org/date-fns/-/date-fns-2.26.0.tgz",
      "integrity": "sha512-VQI812dRi3cusdY/fhoBKvc6l2W8BPWU1FNVnFH9Nttjx4AFBRzfSVb/Eyc7jBT6e9sg1XtAGsYpBQ6c/jygbg==",
      "optional": true
    },
    "easytimer": {
      "version": "1.1.3",
      "resolved": "https://registry.npmjs.org/easytimer/-/easytimer-1.1.3.tgz",
      "integrity": "sha512-JaIuSpA+dPt/+LS7v6YKF2CYnO0HCYUElZouY+qfGyozg01WRrV9Zni0XMUvcBYLmClQiVRdoduPnzrFBC00iQ=="
    },
    "easytimer.js": {
      "version": "4.5.1",
      "resolved": "https://registry.npmjs.org/easytimer.js/-/easytimer.js-4.5.1.tgz",
      "integrity": "sha512-m+ZVLeBevBhUqw6kghBMnXHSIH+N1VFcwj2cP5zJ+ovbXLR0mWddDj9n1VwmJGpHMbOjLuBfq3j4l/gJ/lvdRQ=="
    }
  }
}
