{
  "name": "assets",
  "lockfileVersion": 2,
  "requires": true,
  "packages": {
    "": {
      "dependencies": {
        "@antmedia/videojs-webrtc-plugin": "^2.0.0",
        "@eyevinn/webrtc-player": "^0.9.0",
        "chart.js": "^3.6.0",
        "chartkick": "^4.1.1",
        "easytimer": "^1.1.3",
        "easytimer.js": "^4.5.1",
        "video.js": "^7.20.3"
      }
    },
    "node_modules/@antmedia/videojs-webrtc-plugin": {
      "version": "2.0.0",
      "resolved": "https://registry.npmjs.org/@antmedia/videojs-webrtc-plugin/-/videojs-webrtc-plugin-2.0.0.tgz",
      "integrity": "sha512-jaC70sWz9/eDCNSDEDvLoPQ5L3gdu/a5vqZek+pXf+hUl1jcJ8L0mr+cqGsfh9AGAwDjgVLn7fqGLDZf0Eq1Dw==",
      "dependencies": {
        "global": "^4.4.0",
        "video.js": "^6 || ^7"
      },
      "engines": {
        "node": ">=14",
        "npm": ">=6"
      }
    },
    "node_modules/@babel/runtime": {
      "version": "7.20.6",
      "resolved": "https://registry.npmjs.org/@babel/runtime/-/runtime-7.20.6.tgz",
      "integrity": "sha512-Q+8MqP7TiHMWzSfwiJwXCjyf4GYA4Dgw3emg/7xmwsdLJOZUp+nMqcOwOzzYheuM1rhDu8FSj2l0aoMygEuXuA==",
      "dependencies": {
        "regenerator-runtime": "^0.13.11"
      },
      "engines": {
        "node": ">=6.9.0"
      }
    },
    "node_modules/@dailymotion/vast-client": {
      "version": "4.0.1",
      "resolved": "https://registry.npmjs.org/@dailymotion/vast-client/-/vast-client-4.0.1.tgz",
      "integrity": "sha512-oRUCc06bWdX/1f2Eha/od5WCj+MLHiD6rgyAudgjOUyWXhCcbkUTZeejBSQsLft0nFnd+5nrDqGkBD8mrEVd/Q==",
      "dependencies": {
        "@xmldom/xmldom": "^0.8.3"
      },
      "engines": {
        "node": ">=12.22.1"
      }
    },
    "node_modules/@dailymotion/vast-client/node_modules/@xmldom/xmldom": {
      "version": "0.8.6",
      "resolved": "https://registry.npmjs.org/@xmldom/xmldom/-/xmldom-0.8.6.tgz",
      "integrity": "sha512-uRjjusqpoqfmRkTaNuLJ2VohVr67Q5YwDATW3VU7PfzTj6IRaihGrYI7zckGZjxQPBIp63nfvJbM+Yu5ICh0Bg==",
      "engines": {
        "node": ">=10.0.0"
      }
    },
    "node_modules/@dailymotion/vmap": {
      "version": "3.3.1",
      "resolved": "https://registry.npmjs.org/@dailymotion/vmap/-/vmap-3.3.1.tgz",
      "integrity": "sha512-0+JbHbK/ePKtQYAyrZWr7q/ec2hA355hOm5qwlNUt175ml6IBqKsSSjpz9cLe+0sYCKZGega7ED6gc+uoR5pbQ==",
      "engines": {
        "node": ">=12.22.1"
      }
    },
    "node_modules/@eyevinn/csai-manager": {
      "version": "0.1.2",
      "resolved": "https://registry.npmjs.org/@eyevinn/csai-manager/-/csai-manager-0.1.2.tgz",
      "integrity": "sha512-ZehCxXlSIHF5Ej1n/WZEaLa6sLIH5zrE1ZB71yyT/KbFoeDsDDoo+jw61xzzT+pKBb4vNBtKQRgaVDGZdT2L/g==",
      "dependencies": {
        "@dailymotion/vast-client": "^4.0.0",
        "@dailymotion/vmap": "^3.3.0",
        "@eyevinn/video-event-filter": "^2.0.0",
        "mitt": "^3.0.0"
      }
    },
    "node_modules/@eyevinn/video-event-filter": {
      "version": "2.0.0",
      "resolved": "https://registry.npmjs.org/@eyevinn/video-event-filter/-/video-event-filter-2.0.0.tgz",
      "integrity": "sha512-S5pECmymqg7WqlAeerhtPVEFxWhLY3cz3DTuhuljZreVDLnEBV6/DlWI6SWDnKdpDJMgD6VjPfaRJssmGatNBg==",
      "dependencies": {
        "mitt": "^2.1.0"
      }
    },
    "node_modules/@eyevinn/video-event-filter/node_modules/mitt": {
      "version": "2.1.0",
      "resolved": "https://registry.npmjs.org/mitt/-/mitt-2.1.0.tgz",
      "integrity": "sha512-ILj2TpLiysu2wkBbWjAmww7TkZb65aiQO+DkVdUTBpBXq+MHYiETENkKFMtsJZX1Lf4pe4QOrTSjIfUwN5lRdg=="
    },
    "node_modules/@eyevinn/webrtc-player": {
      "version": "0.9.0",
      "resolved": "https://registry.npmjs.org/@eyevinn/webrtc-player/-/webrtc-player-0.9.0.tgz",
      "integrity": "sha512-Lz/8xFJzF5SMIkM50J1u9M9f1P7Oli1dsxgWh0VTtni7GLOYiTRrQ/OiknQJp+tIu9WcINMb63kpXXCi3g7D4A==",
      "dependencies": {
        "@eyevinn/csai-manager": "^0.1.2",
        "@eyevinn/whpp-client": "^0.1.2",
        "events": "^3.3.0"
      }
    },
    "node_modules/@eyevinn/whpp-client": {
      "version": "0.1.2",
      "resolved": "https://registry.npmjs.org/@eyevinn/whpp-client/-/whpp-client-0.1.2.tgz",
      "integrity": "sha512-Mau11ykVIZudy+7Qz2tJZbV2cuj8Un7eT2QRBGFA42RPL8djfEi/RIZ+6b9C1Bc1EAppl26zoh28D8/KstFioQ=="
    },
    "node_modules/@videojs/http-streaming": {
      "version": "2.14.3",
      "resolved": "https://registry.npmjs.org/@videojs/http-streaming/-/http-streaming-2.14.3.tgz",
      "integrity": "sha512-2tFwxCaNbcEZzQugWf8EERwNMyNtspfHnvxRGRABQs09W/5SqmkWFuGWfUAm4wQKlXGfdPyAJ1338ASl459xAA==",
      "dependencies": {
        "@babel/runtime": "^7.12.5",
        "@videojs/vhs-utils": "3.0.5",
        "aes-decrypter": "3.1.3",
        "global": "^4.4.0",
        "m3u8-parser": "4.7.1",
        "mpd-parser": "0.21.1",
        "mux.js": "6.0.1",
        "video.js": "^6 || ^7"
      },
      "engines": {
        "node": ">=8",
        "npm": ">=5"
      },
      "peerDependencies": {
        "video.js": "^6 || ^7"
      }
    },
    "node_modules/@videojs/vhs-utils": {
      "version": "3.0.5",
      "resolved": "https://registry.npmjs.org/@videojs/vhs-utils/-/vhs-utils-3.0.5.tgz",
      "integrity": "sha512-PKVgdo8/GReqdx512F+ombhS+Bzogiofy1LgAj4tN8PfdBx3HSS7V5WfJotKTqtOWGwVfSWsrYN/t09/DSryrw==",
      "dependencies": {
        "@babel/runtime": "^7.12.5",
        "global": "^4.4.0",
        "url-toolkit": "^2.2.1"
      },
      "engines": {
        "node": ">=8",
        "npm": ">=5"
      }
    },
    "node_modules/@videojs/xhr": {
      "version": "2.6.0",
      "resolved": "https://registry.npmjs.org/@videojs/xhr/-/xhr-2.6.0.tgz",
      "integrity": "sha512-7J361GiN1tXpm+gd0xz2QWr3xNWBE+rytvo8J3KuggFaLg+U37gZQ2BuPLcnkfGffy2e+ozY70RHC8jt7zjA6Q==",
      "dependencies": {
        "@babel/runtime": "^7.5.5",
        "global": "~4.4.0",
        "is-function": "^1.0.1"
      }
    },
    "node_modules/@xmldom/xmldom": {
      "version": "0.7.9",
      "resolved": "https://registry.npmjs.org/@xmldom/xmldom/-/xmldom-0.7.9.tgz",
      "integrity": "sha512-yceMpm/xd4W2a85iqZyO09gTnHvXF6pyiWjD2jcOJs7hRoZtNNOO1eJlhHj1ixA+xip2hOyGn+LgcvLCMo5zXA==",
      "engines": {
        "node": ">=10.0.0"
      }
    },
    "node_modules/aes-decrypter": {
      "version": "3.1.3",
      "resolved": "https://registry.npmjs.org/aes-decrypter/-/aes-decrypter-3.1.3.tgz",
      "integrity": "sha512-VkG9g4BbhMBy+N5/XodDeV6F02chEk9IpgRTq/0bS80y4dzy79VH2Gtms02VXomf3HmyRe3yyJYkJ990ns+d6A==",
      "dependencies": {
        "@babel/runtime": "^7.12.5",
        "@videojs/vhs-utils": "^3.0.5",
        "global": "^4.4.0",
        "pkcs7": "^1.0.4"
      }
    },
    "node_modules/chart.js": {
      "version": "3.6.0",
      "resolved": "https://registry.npmjs.org/chart.js/-/chart.js-3.6.0.tgz",
      "integrity": "sha512-iOzzDKePL+bj+ccIsVAgWQehCXv8xOKGbaU2fO/myivH736zcx535PGJzQGanvcSGVOqX6yuLZsN3ygcQ35UgQ=="
    },
    "node_modules/chartjs-adapter-date-fns": {
      "version": "2.0.0",
      "resolved": "https://registry.npmjs.org/chartjs-adapter-date-fns/-/chartjs-adapter-date-fns-2.0.0.tgz",
      "integrity": "sha512-rmZINGLe+9IiiEB0kb57vH3UugAtYw33anRiw5kS2Tu87agpetDDoouquycWc9pRsKtQo5j+vLsYHyr8etAvFw==",
      "optional": true,
      "peerDependencies": {
        "chart.js": "^3.0.0"
      }
    },
    "node_modules/chartkick": {
      "version": "4.1.1",
      "resolved": "https://registry.npmjs.org/chartkick/-/chartkick-4.1.1.tgz",
      "integrity": "sha512-+3+dIKZo8MzOiQFc4FZDZiRjDnrgVxgjk3tKXVclMcDF8yIJAEqSr5/l4pqpB2Rxye1s2Dg3j6bVA9eIeDbnCQ==",
      "optionalDependencies": {
        "chart.js": ">=3.0.2",
        "chartjs-adapter-date-fns": ">=2.0.0",
        "date-fns": ">=2.0.0"
      }
    },
    "node_modules/date-fns": {
      "version": "2.26.0",
      "resolved": "https://registry.npmjs.org/date-fns/-/date-fns-2.26.0.tgz",
      "integrity": "sha512-VQI812dRi3cusdY/fhoBKvc6l2W8BPWU1FNVnFH9Nttjx4AFBRzfSVb/Eyc7jBT6e9sg1XtAGsYpBQ6c/jygbg==",
      "optional": true,
      "engines": {
        "node": ">=0.11"
      },
      "funding": {
        "type": "opencollective",
        "url": "https://opencollective.com/date-fns"
      }
    },
    "node_modules/dom-walk": {
      "version": "0.1.2",
      "resolved": "https://registry.npmjs.org/dom-walk/-/dom-walk-0.1.2.tgz",
      "integrity": "sha512-6QvTW9mrGeIegrFXdtQi9pk7O/nSK6lSdXW2eqUspN5LWD7UTji2Fqw5V2YLjBpHEoU9Xl/eUWNpDeZvoyOv2w=="
    },
    "node_modules/easytimer": {
      "version": "1.1.3",
      "resolved": "https://registry.npmjs.org/easytimer/-/easytimer-1.1.3.tgz",
      "integrity": "sha512-JaIuSpA+dPt/+LS7v6YKF2CYnO0HCYUElZouY+qfGyozg01WRrV9Zni0XMUvcBYLmClQiVRdoduPnzrFBC00iQ==",
      "deprecated": "This package is deprecated. Please use https://www.npmjs.com/package/easytimer.js"
    },
    "node_modules/easytimer.js": {
      "version": "4.5.1",
      "resolved": "https://registry.npmjs.org/easytimer.js/-/easytimer.js-4.5.1.tgz",
      "integrity": "sha512-m+ZVLeBevBhUqw6kghBMnXHSIH+N1VFcwj2cP5zJ+ovbXLR0mWddDj9n1VwmJGpHMbOjLuBfq3j4l/gJ/lvdRQ=="
    },
    "node_modules/events": {
      "version": "3.3.0",
      "resolved": "https://registry.npmjs.org/events/-/events-3.3.0.tgz",
      "integrity": "sha512-mQw+2fkQbALzQ7V0MY0IqdnXNOeTtP4r0lN9z7AAawCXgqea7bDii20AYrIBrFd/Hx0M2Ocz6S111CaFkUcb0Q==",
      "engines": {
        "node": ">=0.8.x"
      }
    },
    "node_modules/global": {
      "version": "4.4.0",
      "resolved": "https://registry.npmjs.org/global/-/global-4.4.0.tgz",
      "integrity": "sha512-wv/LAoHdRE3BeTGz53FAamhGlPLhlssK45usmGFThIi4XqnBmjKQ16u+RNbP7WvigRZDxUsM0J3gcQ5yicaL0w==",
      "dependencies": {
        "min-document": "^2.19.0",
        "process": "^0.11.10"
      }
    },
    "node_modules/individual": {
      "version": "2.0.0",
      "resolved": "https://registry.npmjs.org/individual/-/individual-2.0.0.tgz",
      "integrity": "sha512-pWt8hBCqJsUWI/HtcfWod7+N9SgAqyPEaF7JQjwzjn5vGrpg6aQ5qeAFQ7dx//UH4J1O+7xqew+gCeeFt6xN/g=="
    },
    "node_modules/is-function": {
      "version": "1.0.2",
      "resolved": "https://registry.npmjs.org/is-function/-/is-function-1.0.2.tgz",
      "integrity": "sha512-lw7DUp0aWXYg+CBCN+JKkcE0Q2RayZnSvnZBlwgxHBQhqt5pZNVy4Ri7H9GmmXkdu7LUthszM+Tor1u/2iBcpQ=="
    },
    "node_modules/keycode": {
      "version": "2.2.1",
      "resolved": "https://registry.npmjs.org/keycode/-/keycode-2.2.1.tgz",
      "integrity": "sha512-Rdgz9Hl9Iv4QKi8b0OlCRQEzp4AgVxyCtz5S/+VIHezDmrDhkp2N2TqBWOLz0/gbeREXOOiI9/4b8BY9uw2vFg=="
    },
    "node_modules/m3u8-parser": {
      "version": "4.7.1",
      "resolved": "https://registry.npmjs.org/m3u8-parser/-/m3u8-parser-4.7.1.tgz",
      "integrity": "sha512-pbrQwiMiq+MmI9bl7UjtPT3AK603PV9bogNlr83uC+X9IoxqL5E4k7kU7fMQ0dpRgxgeSMygqUa0IMLQNXLBNA==",
      "dependencies": {
        "@babel/runtime": "^7.12.5",
        "@videojs/vhs-utils": "^3.0.5",
        "global": "^4.4.0"
      }
    },
    "node_modules/min-document": {
      "version": "2.19.0",
      "resolved": "https://registry.npmjs.org/min-document/-/min-document-2.19.0.tgz",
      "integrity": "sha512-9Wy1B3m3f66bPPmU5hdA4DR4PB2OfDU/+GS3yAB7IQozE3tqXaVv2zOjgla7MEGSRv95+ILmOuvhLkOK6wJtCQ==",
      "dependencies": {
        "dom-walk": "^0.1.0"
      }
    },
    "node_modules/mitt": {
      "version": "3.0.0",
      "resolved": "https://registry.npmjs.org/mitt/-/mitt-3.0.0.tgz",
      "integrity": "sha512-7dX2/10ITVyqh4aOSVI9gdape+t9l2/8QxHrFmUXu4EEUpdlxl6RudZUPZoc+zuY2hk1j7XxVroIVIan/pD/SQ=="
    },
    "node_modules/mpd-parser": {
      "version": "0.21.1",
      "resolved": "https://registry.npmjs.org/mpd-parser/-/mpd-parser-0.21.1.tgz",
      "integrity": "sha512-BxlSXWbKE1n7eyEPBnTEkrzhS3PdmkkKdM1pgKbPnPOH0WFZIc0sPOWi7m0Uo3Wd2a4Or8Qf4ZbS7+ASqQ49fw==",
      "dependencies": {
        "@babel/runtime": "^7.12.5",
        "@videojs/vhs-utils": "^3.0.5",
        "@xmldom/xmldom": "^0.7.2",
        "global": "^4.4.0"
      },
      "bin": {
        "mpd-to-m3u8-json": "bin/parse.js"
      }
    },
    "node_modules/mux.js": {
      "version": "6.0.1",
      "resolved": "https://registry.npmjs.org/mux.js/-/mux.js-6.0.1.tgz",
      "integrity": "sha512-22CHb59rH8pWGcPGW5Og7JngJ9s+z4XuSlYvnxhLuc58cA1WqGDQPzuG8I+sPm1/p0CdgpzVTaKW408k5DNn8w==",
      "dependencies": {
        "@babel/runtime": "^7.11.2",
        "global": "^4.4.0"
      },
      "bin": {
        "muxjs-transmux": "bin/transmux.js"
      },
      "engines": {
        "node": ">=8",
        "npm": ">=5"
      }
    },
    "node_modules/pkcs7": {
      "version": "1.0.4",
      "resolved": "https://registry.npmjs.org/pkcs7/-/pkcs7-1.0.4.tgz",
      "integrity": "sha512-afRERtHn54AlwaF2/+LFszyAANTCggGilmcmILUzEjvs3XgFZT+xE6+QWQcAGmu4xajy+Xtj7acLOPdx5/eXWQ==",
      "dependencies": {
        "@babel/runtime": "^7.5.5"
      },
      "bin": {
        "pkcs7": "bin/cli.js"
      }
    },
    "node_modules/process": {
      "version": "0.11.10",
      "resolved": "https://registry.npmjs.org/process/-/process-0.11.10.tgz",
      "integrity": "sha512-cdGef/drWFoydD1JsMzuFf8100nZl+GT+yacc2bEced5f9Rjk4z+WtFUTBu9PhOi9j/jfmBPu0mMEY4wIdAF8A==",
      "engines": {
        "node": ">= 0.6.0"
      }
    },
    "node_modules/regenerator-runtime": {
      "version": "0.13.11",
      "resolved": "https://registry.npmjs.org/regenerator-runtime/-/regenerator-runtime-0.13.11.tgz",
      "integrity": "sha512-kY1AZVr2Ra+t+piVaJ4gxaFaReZVH40AKNo7UCX6W+dEwBo/2oZJzqfuN1qLq1oL45o56cPaTXELwrTh8Fpggg=="
    },
    "node_modules/rust-result": {
      "version": "1.0.0",
      "resolved": "https://registry.npmjs.org/rust-result/-/rust-result-1.0.0.tgz",
      "integrity": "sha512-6cJzSBU+J/RJCF063onnQf0cDUOHs9uZI1oroSGnHOph+CQTIJ5Pp2hK5kEQq1+7yE/EEWfulSNXAQ2jikPthA==",
      "dependencies": {
        "individual": "^2.0.0"
      }
    },
    "node_modules/safe-json-parse": {
      "version": "4.0.0",
      "resolved": "https://registry.npmjs.org/safe-json-parse/-/safe-json-parse-4.0.0.tgz",
      "integrity": "sha512-RjZPPHugjK0TOzFrLZ8inw44s9bKox99/0AZW9o/BEQVrJfhI+fIHMErnPyRa89/yRXUUr93q+tiN6zhoVV4wQ==",
      "dependencies": {
        "rust-result": "^1.0.0"
      }
    },
    "node_modules/url-toolkit": {
      "version": "2.2.5",
      "resolved": "https://registry.npmjs.org/url-toolkit/-/url-toolkit-2.2.5.tgz",
      "integrity": "sha512-mtN6xk+Nac+oyJ/PrI7tzfmomRVNFIWKUbG8jdYFt52hxbiReFAXIjYskvu64/dvuW71IcB7lV8l0HvZMac6Jg=="
    },
    "node_modules/video.js": {
      "version": "7.20.3",
      "resolved": "https://registry.npmjs.org/video.js/-/video.js-7.20.3.tgz",
      "integrity": "sha512-JMspxaK74LdfWcv69XWhX4rILywz/eInOVPdKefpQiZJSMD5O8xXYueqACP2Q5yqKstycgmmEKlJzZ+kVmDciw==",
      "dependencies": {
        "@babel/runtime": "^7.12.5",
        "@videojs/http-streaming": "2.14.3",
        "@videojs/vhs-utils": "^3.0.4",
        "@videojs/xhr": "2.6.0",
        "aes-decrypter": "3.1.3",
        "global": "^4.4.0",
        "keycode": "^2.2.0",
        "m3u8-parser": "4.7.1",
        "mpd-parser": "0.21.1",
        "mux.js": "6.0.1",
        "safe-json-parse": "4.0.0",
        "videojs-font": "3.2.0",
        "videojs-vtt.js": "^0.15.4"
      }
    },
    "node_modules/videojs-font": {
      "version": "3.2.0",
      "resolved": "https://registry.npmjs.org/videojs-font/-/videojs-font-3.2.0.tgz",
      "integrity": "sha512-g8vHMKK2/JGorSfqAZQUmYYNnXmfec4MLhwtEFS+mMs2IDY398GLysy6BH6K+aS1KMNu/xWZ8Sue/X/mdQPliA=="
    },
    "node_modules/videojs-vtt.js": {
      "version": "0.15.4",
      "resolved": "https://registry.npmjs.org/videojs-vtt.js/-/videojs-vtt.js-0.15.4.tgz",
      "integrity": "sha512-r6IhM325fcLb1D6pgsMkTQT1PpFdUdYZa1iqk7wJEu+QlibBwATPfPc9Bg8Jiym0GE5yP1AG2rMLu+QMVWkYtA==",
      "dependencies": {
        "global": "^4.3.1"
      }
    }
  },
  "dependencies": {
    "@antmedia/videojs-webrtc-plugin": {
      "version": "2.0.0",
      "resolved": "https://registry.npmjs.org/@antmedia/videojs-webrtc-plugin/-/videojs-webrtc-plugin-2.0.0.tgz",
      "integrity": "sha512-jaC70sWz9/eDCNSDEDvLoPQ5L3gdu/a5vqZek+pXf+hUl1jcJ8L0mr+cqGsfh9AGAwDjgVLn7fqGLDZf0Eq1Dw==",
      "requires": {
        "global": "^4.4.0",
        "video.js": "^6 || ^7"
      }
    },
    "@babel/runtime": {
      "version": "7.20.6",
      "resolved": "https://registry.npmjs.org/@babel/runtime/-/runtime-7.20.6.tgz",
      "integrity": "sha512-Q+8MqP7TiHMWzSfwiJwXCjyf4GYA4Dgw3emg/7xmwsdLJOZUp+nMqcOwOzzYheuM1rhDu8FSj2l0aoMygEuXuA==",
      "requires": {
        "regenerator-runtime": "^0.13.11"
      }
    },
    "@dailymotion/vast-client": {
      "version": "4.0.1",
      "resolved": "https://registry.npmjs.org/@dailymotion/vast-client/-/vast-client-4.0.1.tgz",
      "integrity": "sha512-oRUCc06bWdX/1f2Eha/od5WCj+MLHiD6rgyAudgjOUyWXhCcbkUTZeejBSQsLft0nFnd+5nrDqGkBD8mrEVd/Q==",
      "requires": {
        "@xmldom/xmldom": "^0.8.3"
      },
      "dependencies": {
        "@xmldom/xmldom": {
          "version": "0.8.6",
          "resolved": "https://registry.npmjs.org/@xmldom/xmldom/-/xmldom-0.8.6.tgz",
          "integrity": "sha512-uRjjusqpoqfmRkTaNuLJ2VohVr67Q5YwDATW3VU7PfzTj6IRaihGrYI7zckGZjxQPBIp63nfvJbM+Yu5ICh0Bg=="
        }
      }
    },
    "@dailymotion/vmap": {
      "version": "3.3.1",
      "resolved": "https://registry.npmjs.org/@dailymotion/vmap/-/vmap-3.3.1.tgz",
      "integrity": "sha512-0+JbHbK/ePKtQYAyrZWr7q/ec2hA355hOm5qwlNUt175ml6IBqKsSSjpz9cLe+0sYCKZGega7ED6gc+uoR5pbQ=="
    },
    "@eyevinn/csai-manager": {
      "version": "0.1.2",
      "resolved": "https://registry.npmjs.org/@eyevinn/csai-manager/-/csai-manager-0.1.2.tgz",
      "integrity": "sha512-ZehCxXlSIHF5Ej1n/WZEaLa6sLIH5zrE1ZB71yyT/KbFoeDsDDoo+jw61xzzT+pKBb4vNBtKQRgaVDGZdT2L/g==",
      "requires": {
        "@dailymotion/vast-client": "^4.0.0",
        "@dailymotion/vmap": "^3.3.0",
        "@eyevinn/video-event-filter": "^2.0.0",
        "mitt": "^3.0.0"
      }
    },
    "@eyevinn/video-event-filter": {
      "version": "2.0.0",
      "resolved": "https://registry.npmjs.org/@eyevinn/video-event-filter/-/video-event-filter-2.0.0.tgz",
      "integrity": "sha512-S5pECmymqg7WqlAeerhtPVEFxWhLY3cz3DTuhuljZreVDLnEBV6/DlWI6SWDnKdpDJMgD6VjPfaRJssmGatNBg==",
      "requires": {
        "mitt": "^2.1.0"
      },
      "dependencies": {
        "mitt": {
          "version": "2.1.0",
          "resolved": "https://registry.npmjs.org/mitt/-/mitt-2.1.0.tgz",
          "integrity": "sha512-ILj2TpLiysu2wkBbWjAmww7TkZb65aiQO+DkVdUTBpBXq+MHYiETENkKFMtsJZX1Lf4pe4QOrTSjIfUwN5lRdg=="
        }
      }
    },
    "@eyevinn/webrtc-player": {
      "version": "0.9.0",
      "resolved": "https://registry.npmjs.org/@eyevinn/webrtc-player/-/webrtc-player-0.9.0.tgz",
      "integrity": "sha512-Lz/8xFJzF5SMIkM50J1u9M9f1P7Oli1dsxgWh0VTtni7GLOYiTRrQ/OiknQJp+tIu9WcINMb63kpXXCi3g7D4A==",
      "requires": {
        "@eyevinn/csai-manager": "^0.1.2",
        "@eyevinn/whpp-client": "^0.1.2",
        "events": "^3.3.0"
      }
    },
    "@eyevinn/whpp-client": {
      "version": "0.1.2",
      "resolved": "https://registry.npmjs.org/@eyevinn/whpp-client/-/whpp-client-0.1.2.tgz",
      "integrity": "sha512-Mau11ykVIZudy+7Qz2tJZbV2cuj8Un7eT2QRBGFA42RPL8djfEi/RIZ+6b9C1Bc1EAppl26zoh28D8/KstFioQ=="
    },
    "@videojs/http-streaming": {
      "version": "2.14.3",
      "resolved": "https://registry.npmjs.org/@videojs/http-streaming/-/http-streaming-2.14.3.tgz",
      "integrity": "sha512-2tFwxCaNbcEZzQugWf8EERwNMyNtspfHnvxRGRABQs09W/5SqmkWFuGWfUAm4wQKlXGfdPyAJ1338ASl459xAA==",
      "requires": {
        "@babel/runtime": "^7.12.5",
        "@videojs/vhs-utils": "3.0.5",
        "aes-decrypter": "3.1.3",
        "global": "^4.4.0",
        "m3u8-parser": "4.7.1",
        "mpd-parser": "0.21.1",
        "mux.js": "6.0.1",
        "video.js": "^6 || ^7"
      }
    },
    "@videojs/vhs-utils": {
      "version": "3.0.5",
      "resolved": "https://registry.npmjs.org/@videojs/vhs-utils/-/vhs-utils-3.0.5.tgz",
      "integrity": "sha512-PKVgdo8/GReqdx512F+ombhS+Bzogiofy1LgAj4tN8PfdBx3HSS7V5WfJotKTqtOWGwVfSWsrYN/t09/DSryrw==",
      "requires": {
        "@babel/runtime": "^7.12.5",
        "global": "^4.4.0",
        "url-toolkit": "^2.2.1"
      }
    },
    "@videojs/xhr": {
      "version": "2.6.0",
      "resolved": "https://registry.npmjs.org/@videojs/xhr/-/xhr-2.6.0.tgz",
      "integrity": "sha512-7J361GiN1tXpm+gd0xz2QWr3xNWBE+rytvo8J3KuggFaLg+U37gZQ2BuPLcnkfGffy2e+ozY70RHC8jt7zjA6Q==",
      "requires": {
        "@babel/runtime": "^7.5.5",
        "global": "~4.4.0",
        "is-function": "^1.0.1"
      }
    },
    "@xmldom/xmldom": {
      "version": "0.7.9",
      "resolved": "https://registry.npmjs.org/@xmldom/xmldom/-/xmldom-0.7.9.tgz",
      "integrity": "sha512-yceMpm/xd4W2a85iqZyO09gTnHvXF6pyiWjD2jcOJs7hRoZtNNOO1eJlhHj1ixA+xip2hOyGn+LgcvLCMo5zXA=="
    },
    "aes-decrypter": {
      "version": "3.1.3",
      "resolved": "https://registry.npmjs.org/aes-decrypter/-/aes-decrypter-3.1.3.tgz",
      "integrity": "sha512-VkG9g4BbhMBy+N5/XodDeV6F02chEk9IpgRTq/0bS80y4dzy79VH2Gtms02VXomf3HmyRe3yyJYkJ990ns+d6A==",
      "requires": {
        "@babel/runtime": "^7.12.5",
        "@videojs/vhs-utils": "^3.0.5",
        "global": "^4.4.0",
        "pkcs7": "^1.0.4"
      }
    },
    "chart.js": {
      "version": "3.6.0",
      "resolved": "https://registry.npmjs.org/chart.js/-/chart.js-3.6.0.tgz",
      "integrity": "sha512-iOzzDKePL+bj+ccIsVAgWQehCXv8xOKGbaU2fO/myivH736zcx535PGJzQGanvcSGVOqX6yuLZsN3ygcQ35UgQ=="
    },
    "chartjs-adapter-date-fns": {
      "version": "2.0.0",
      "resolved": "https://registry.npmjs.org/chartjs-adapter-date-fns/-/chartjs-adapter-date-fns-2.0.0.tgz",
      "integrity": "sha512-rmZINGLe+9IiiEB0kb57vH3UugAtYw33anRiw5kS2Tu87agpetDDoouquycWc9pRsKtQo5j+vLsYHyr8etAvFw==",
      "optional": true,
      "requires": {}
    },
    "chartkick": {
      "version": "4.1.1",
      "resolved": "https://registry.npmjs.org/chartkick/-/chartkick-4.1.1.tgz",
      "integrity": "sha512-+3+dIKZo8MzOiQFc4FZDZiRjDnrgVxgjk3tKXVclMcDF8yIJAEqSr5/l4pqpB2Rxye1s2Dg3j6bVA9eIeDbnCQ==",
      "requires": {
        "chart.js": ">=3.0.2",
        "chartjs-adapter-date-fns": ">=2.0.0",
        "date-fns": ">=2.0.0"
      }
    },
    "date-fns": {
      "version": "2.26.0",
      "resolved": "https://registry.npmjs.org/date-fns/-/date-fns-2.26.0.tgz",
      "integrity": "sha512-VQI812dRi3cusdY/fhoBKvc6l2W8BPWU1FNVnFH9Nttjx4AFBRzfSVb/Eyc7jBT6e9sg1XtAGsYpBQ6c/jygbg==",
      "optional": true
    },
    "dom-walk": {
      "version": "0.1.2",
      "resolved": "https://registry.npmjs.org/dom-walk/-/dom-walk-0.1.2.tgz",
      "integrity": "sha512-6QvTW9mrGeIegrFXdtQi9pk7O/nSK6lSdXW2eqUspN5LWD7UTji2Fqw5V2YLjBpHEoU9Xl/eUWNpDeZvoyOv2w=="
    },
    "easytimer": {
      "version": "1.1.3",
      "resolved": "https://registry.npmjs.org/easytimer/-/easytimer-1.1.3.tgz",
      "integrity": "sha512-JaIuSpA+dPt/+LS7v6YKF2CYnO0HCYUElZouY+qfGyozg01WRrV9Zni0XMUvcBYLmClQiVRdoduPnzrFBC00iQ=="
    },
    "easytimer.js": {
      "version": "4.5.1",
      "resolved": "https://registry.npmjs.org/easytimer.js/-/easytimer.js-4.5.1.tgz",
      "integrity": "sha512-m+ZVLeBevBhUqw6kghBMnXHSIH+N1VFcwj2cP5zJ+ovbXLR0mWddDj9n1VwmJGpHMbOjLuBfq3j4l/gJ/lvdRQ=="
    },
    "events": {
      "version": "3.3.0",
      "resolved": "https://registry.npmjs.org/events/-/events-3.3.0.tgz",
      "integrity": "sha512-mQw+2fkQbALzQ7V0MY0IqdnXNOeTtP4r0lN9z7AAawCXgqea7bDii20AYrIBrFd/Hx0M2Ocz6S111CaFkUcb0Q=="
    },
    "global": {
      "version": "4.4.0",
      "resolved": "https://registry.npmjs.org/global/-/global-4.4.0.tgz",
      "integrity": "sha512-wv/LAoHdRE3BeTGz53FAamhGlPLhlssK45usmGFThIi4XqnBmjKQ16u+RNbP7WvigRZDxUsM0J3gcQ5yicaL0w==",
      "requires": {
        "min-document": "^2.19.0",
        "process": "^0.11.10"
      }
    },
    "individual": {
      "version": "2.0.0",
      "resolved": "https://registry.npmjs.org/individual/-/individual-2.0.0.tgz",
      "integrity": "sha512-pWt8hBCqJsUWI/HtcfWod7+N9SgAqyPEaF7JQjwzjn5vGrpg6aQ5qeAFQ7dx//UH4J1O+7xqew+gCeeFt6xN/g=="
    },
    "is-function": {
      "version": "1.0.2",
      "resolved": "https://registry.npmjs.org/is-function/-/is-function-1.0.2.tgz",
      "integrity": "sha512-lw7DUp0aWXYg+CBCN+JKkcE0Q2RayZnSvnZBlwgxHBQhqt5pZNVy4Ri7H9GmmXkdu7LUthszM+Tor1u/2iBcpQ=="
    },
    "keycode": {
      "version": "2.2.1",
      "resolved": "https://registry.npmjs.org/keycode/-/keycode-2.2.1.tgz",
      "integrity": "sha512-Rdgz9Hl9Iv4QKi8b0OlCRQEzp4AgVxyCtz5S/+VIHezDmrDhkp2N2TqBWOLz0/gbeREXOOiI9/4b8BY9uw2vFg=="
    },
    "m3u8-parser": {
      "version": "4.7.1",
      "resolved": "https://registry.npmjs.org/m3u8-parser/-/m3u8-parser-4.7.1.tgz",
      "integrity": "sha512-pbrQwiMiq+MmI9bl7UjtPT3AK603PV9bogNlr83uC+X9IoxqL5E4k7kU7fMQ0dpRgxgeSMygqUa0IMLQNXLBNA==",
      "requires": {
        "@babel/runtime": "^7.12.5",
        "@videojs/vhs-utils": "^3.0.5",
        "global": "^4.4.0"
      }
    },
    "min-document": {
      "version": "2.19.0",
      "resolved": "https://registry.npmjs.org/min-document/-/min-document-2.19.0.tgz",
      "integrity": "sha512-9Wy1B3m3f66bPPmU5hdA4DR4PB2OfDU/+GS3yAB7IQozE3tqXaVv2zOjgla7MEGSRv95+ILmOuvhLkOK6wJtCQ==",
      "requires": {
        "dom-walk": "^0.1.0"
      }
    },
    "mitt": {
      "version": "3.0.0",
      "resolved": "https://registry.npmjs.org/mitt/-/mitt-3.0.0.tgz",
      "integrity": "sha512-7dX2/10ITVyqh4aOSVI9gdape+t9l2/8QxHrFmUXu4EEUpdlxl6RudZUPZoc+zuY2hk1j7XxVroIVIan/pD/SQ=="
    },
    "mpd-parser": {
      "version": "0.21.1",
      "resolved": "https://registry.npmjs.org/mpd-parser/-/mpd-parser-0.21.1.tgz",
      "integrity": "sha512-BxlSXWbKE1n7eyEPBnTEkrzhS3PdmkkKdM1pgKbPnPOH0WFZIc0sPOWi7m0Uo3Wd2a4Or8Qf4ZbS7+ASqQ49fw==",
      "requires": {
        "@babel/runtime": "^7.12.5",
        "@videojs/vhs-utils": "^3.0.5",
        "@xmldom/xmldom": "^0.7.2",
        "global": "^4.4.0"
      }
    },
    "mux.js": {
      "version": "6.0.1",
      "resolved": "https://registry.npmjs.org/mux.js/-/mux.js-6.0.1.tgz",
      "integrity": "sha512-22CHb59rH8pWGcPGW5Og7JngJ9s+z4XuSlYvnxhLuc58cA1WqGDQPzuG8I+sPm1/p0CdgpzVTaKW408k5DNn8w==",
      "requires": {
        "@babel/runtime": "^7.11.2",
        "global": "^4.4.0"
      }
    },
    "pkcs7": {
      "version": "1.0.4",
      "resolved": "https://registry.npmjs.org/pkcs7/-/pkcs7-1.0.4.tgz",
      "integrity": "sha512-afRERtHn54AlwaF2/+LFszyAANTCggGilmcmILUzEjvs3XgFZT+xE6+QWQcAGmu4xajy+Xtj7acLOPdx5/eXWQ==",
      "requires": {
        "@babel/runtime": "^7.5.5"
      }
    },
    "process": {
      "version": "0.11.10",
      "resolved": "https://registry.npmjs.org/process/-/process-0.11.10.tgz",
      "integrity": "sha512-cdGef/drWFoydD1JsMzuFf8100nZl+GT+yacc2bEced5f9Rjk4z+WtFUTBu9PhOi9j/jfmBPu0mMEY4wIdAF8A=="
    },
    "regenerator-runtime": {
      "version": "0.13.11",
      "resolved": "https://registry.npmjs.org/regenerator-runtime/-/regenerator-runtime-0.13.11.tgz",
      "integrity": "sha512-kY1AZVr2Ra+t+piVaJ4gxaFaReZVH40AKNo7UCX6W+dEwBo/2oZJzqfuN1qLq1oL45o56cPaTXELwrTh8Fpggg=="
    },
    "rust-result": {
      "version": "1.0.0",
      "resolved": "https://registry.npmjs.org/rust-result/-/rust-result-1.0.0.tgz",
      "integrity": "sha512-6cJzSBU+J/RJCF063onnQf0cDUOHs9uZI1oroSGnHOph+CQTIJ5Pp2hK5kEQq1+7yE/EEWfulSNXAQ2jikPthA==",
      "requires": {
        "individual": "^2.0.0"
      }
    },
    "safe-json-parse": {
      "version": "4.0.0",
      "resolved": "https://registry.npmjs.org/safe-json-parse/-/safe-json-parse-4.0.0.tgz",
      "integrity": "sha512-RjZPPHugjK0TOzFrLZ8inw44s9bKox99/0AZW9o/BEQVrJfhI+fIHMErnPyRa89/yRXUUr93q+tiN6zhoVV4wQ==",
      "requires": {
        "rust-result": "^1.0.0"
      }
    },
    "url-toolkit": {
      "version": "2.2.5",
      "resolved": "https://registry.npmjs.org/url-toolkit/-/url-toolkit-2.2.5.tgz",
      "integrity": "sha512-mtN6xk+Nac+oyJ/PrI7tzfmomRVNFIWKUbG8jdYFt52hxbiReFAXIjYskvu64/dvuW71IcB7lV8l0HvZMac6Jg=="
    },
    "video.js": {
      "version": "7.20.3",
      "resolved": "https://registry.npmjs.org/video.js/-/video.js-7.20.3.tgz",
      "integrity": "sha512-JMspxaK74LdfWcv69XWhX4rILywz/eInOVPdKefpQiZJSMD5O8xXYueqACP2Q5yqKstycgmmEKlJzZ+kVmDciw==",
      "requires": {
        "@babel/runtime": "^7.12.5",
        "@videojs/http-streaming": "2.14.3",
        "@videojs/vhs-utils": "^3.0.4",
        "@videojs/xhr": "2.6.0",
        "aes-decrypter": "3.1.3",
        "global": "^4.4.0",
        "keycode": "^2.2.0",
        "m3u8-parser": "4.7.1",
        "mpd-parser": "0.21.1",
        "mux.js": "6.0.1",
        "safe-json-parse": "4.0.0",
        "videojs-font": "3.2.0",
        "videojs-vtt.js": "^0.15.4"
      }
    },
    "videojs-font": {
      "version": "3.2.0",
      "resolved": "https://registry.npmjs.org/videojs-font/-/videojs-font-3.2.0.tgz",
      "integrity": "sha512-g8vHMKK2/JGorSfqAZQUmYYNnXmfec4MLhwtEFS+mMs2IDY398GLysy6BH6K+aS1KMNu/xWZ8Sue/X/mdQPliA=="
    },
    "videojs-vtt.js": {
      "version": "0.15.4",
      "resolved": "https://registry.npmjs.org/videojs-vtt.js/-/videojs-vtt.js-0.15.4.tgz",
      "integrity": "sha512-r6IhM325fcLb1D6pgsMkTQT1PpFdUdYZa1iqk7wJEu+QlibBwATPfPc9Bg8Jiym0GE5yP1AG2rMLu+QMVWkYtA==",
      "requires": {
        "global": "^4.3.1"
      }
    }
  }
}
